{
  "name": "schoolscheduler-ai",
  "version": "1.0.0",
  "lockfileVersion": 3,
  "requires": true,
  "packages": {
    "": {
      "name": "schoolscheduler-ai",
      "version": "1.0.0",
      "dependencies": {
        "next": "^14.0.0",
        "react": "^18.2.0",
        "react-dom": "^18.2.0",
        "lucide-react": "^0.307.0",
        "framer-motion": "^10.12.16",
        "tailwindcss": "^3.4.1",
        "autoprefixer": "^10.4.14",
        "postcss": "^8.4.24"
      }
    }
  }
}